
Microsoft Visual Studio Solution File, Format Version 12.00
# Visual Studio Version 16
VisualStudioVersion = 16.0.33529.622
MinimumVisualStudioVersion = 10.0.40219.1
Project("{FAE04EC0-301F-11D3-BF4B-00C04F79EFBC}") = "BookStoreManager", "BookStoreManager.csproj", "{77067AE0-2CBC-4F10-A009-2C8B536F4F19}"
EndProject
Global
	GlobalSection(SolutionConfigurationPlatforms) = preSolution
		Debug|Any CPU = Debug|Any CPU
		Release|Any CPU = Release|Any CPU
	EndGlobalSection
	GlobalSection(ProjectConfigurationPlatforms) = postSolution
		{77067AE0-2CBC-4F10-A009-2C8B536F4F19}.Debug|Any CPU.ActiveCfg = Debug|Any CPU
		{77067AE0-2CBC-4F10-A009-2C8B536F4F19}.Debug|Any CPU.Build.0 = Debug|Any CPU
		{77067AE0-2CBC-4F10-A009-2C8B536F4F19}.Release|Any CPU.ActiveCfg = Release|Any CPU
		{77067AE0-2CBC-4F10-A009-2C8B536F4F19}.Release|Any CPU.Build.0 = Release|Any CPU
	EndGlobalSection
	GlobalSection(SolutionProperties) = preSolution
		HideSolutionNode = FALSE
	EndGlobalSection
	GlobalSection(ExtensibilityGlobals) = postSolution
		SolutionGuid = {D3E8609F-0831-4105-BD48-8C08BA726377}
	EndGlobalSection
EndGlobal
